// !$*UTF8*$!
{
	archiveVersion = 1;
	classes = {
	};
	objectVersion = 50;
	objects = {

/* Begin PBXBuildFile section */
		B768523C22F021F500C91EA4 /* AppDelegate.swift in Sources */ = {isa = PBXBuildFile; fileRef = B768523B22F021F500C91EA4 /* AppDelegate.swift */; };
		B768523E22F021F500C91EA4 /* ViewController.swift in Sources */ = {isa = PBXBuildFile; fileRef = B768523D22F021F500C91EA4 /* ViewController.swift */; };
		B768524322F021F800C91EA4 /* Assets.xcassets in Resources */ = {isa = PBXBuildFile; fileRef = B768524222F021F800C91EA4 /* Assets.xcassets */; };
		B768524622F021F800C91EA4 /* LaunchScreen.storyboard in Resources */ = {isa = PBXBuildFile; fileRef = B768524422F021F800C91EA4 /* LaunchScreen.storyboard */; };
		B768525122F021F900C91EA4 /* GenericTableViewControllerTests.swift in Sources */ = {isa = PBXBuildFile; fileRef = B768525022F021F900C91EA4 /* GenericTableViewControllerTests.swift */; };
		B768525C22F021F900C91EA4 /* GenericTableViewControllerUITests.swift in Sources */ = {isa = PBXBuildFile; fileRef = B768525B22F021F900C91EA4 /* GenericTableViewControllerUITests.swift */; };
		B768526B22F0222700C91EA4 /* GenericTableViewController.swift in Sources */ = {isa = PBXBuildFile; fileRef = B768526A22F0222700C91EA4 /* GenericTableViewController.swift */; };
		B768527022F0228F00C91EA4 /* GenericProtocols.swift in Sources */ = {isa = PBXBuildFile; fileRef = B768526F22F0228F00C91EA4 /* GenericProtocols.swift */; };
		B768527322F04EDD00C91EA4 /* MyTableViewCell.swift in Sources */ = {isa = PBXBuildFile; fileRef = B768527122F04EDD00C91EA4 /* MyTableViewCell.swift */; };
		B768527422F04EDD00C91EA4 /* MyTableViewCell.xib in Resources */ = {isa = PBXBuildFile; fileRef = B768527222F04EDD00C91EA4 /* MyTableViewCell.xib */; };
		B768527622F04F1200C91EA4 /* MyModel.swift in Sources */ = {isa = PBXBuildFile; fileRef = B768527522F04F1200C91EA4 /* MyModel.swift */; };
		B768528222F164B800C91EA4 /* MyTableViewCell2.swift in Sources */ = {isa = PBXBuildFile; fileRef = B768528022F164B800C91EA4 /* MyTableViewCell2.swift */; };
		B768528322F164B800C91EA4 /* MyTableViewCell2.xib in Resources */ = {isa = PBXBuildFile; fileRef = B768528122F164B800C91EA4 /* MyTableViewCell2.xib */; };
/* End PBXBuildFile section */

/* Begin PBXContainerItemProxy section */
		B768524D22F021F900C91EA4 /* PBXContainerItemProxy */ = {
			isa = PBXContainerItemProxy;
			containerPortal = B768523022F021F500C91EA4 /* Project object */;
			proxyType = 1;
			remoteGlobalIDString = B768523722F021F500C91EA4;
			remoteInfo = GenericTableViewController;
		};
		B768525822F021F900C91EA4 /* PBXContainerItemProxy */ = {
			isa = PBXContainerItemProxy;
			containerPortal = B768523022F021F500C91EA4 /* Project object */;
			proxyType = 1;
			remoteGlobalIDString = B768523722F021F500C91EA4;
			remoteInfo = GenericTableViewController;
		};
/* End PBXContainerItemProxy section */

/* Begin PBXFileReference section */
		B768523822F021F500C91EA4 /* GenericTableViewController.app */ = {isa = PBXFileReference; explicitFileType = wrapper.application; includeInIndex = 0; path = GenericTableViewController.app; sourceTree = BUILT_PRODUCTS_DIR; };
		B768523B22F021F500C91EA4 /* AppDelegate.swift */ = {isa = PBXFileReference; lastKnownFileType = sourcecode.swift; path = AppDelegate.swift; sourceTree = "<group>"; };
		B768523D22F021F500C91EA4 /* ViewController.swift */ = {isa = PBXFileReference; lastKnownFileType = sourcecode.swift; path = ViewController.swift; sourceTree = "<group>"; };
		B768524222F021F800C91EA4 /* Assets.xcassets */ = {isa = PBXFileReference; lastKnownFileType = folder.assetcatalog; path = Assets.xcassets; sourceTree = "<group>"; };
		B768524522F021F800C91EA4 /* Base */ = {isa = PBXFileReference; lastKnownFileType = file.storyboard; name = Base; path = Base.lproj/LaunchScreen.storyboard; sourceTree = "<group>"; };
		B768524722F021F800C91EA4 /* Info.plist */ = {isa = PBXFileReference; lastKnownFileType = text.plist.xml; path = Info.plist; sourceTree = "<group>"; };
		B768524C22F021F900C91EA4 /* GenericTableViewControllerTests.xctest */ = {isa = PBXFileReference; explicitFileType = wrapper.cfbundle; includeInIndex = 0; path = GenericTableViewControllerTests.xctest; sourceTree = BUILT_PRODUCTS_DIR; };
		B768525022F021F900C91EA4 /* GenericTableViewControllerTests.swift */ = {isa = PBXFileReference; lastKnownFileType = sourcecode.swift; path = GenericTableViewControllerTests.swift; sourceTree = "<group>"; };
		B768525222F021F900C91EA4 /* Info.plist */ = {isa = PBXFileReference; lastKnownFileType = text.plist.xml; path = Info.plist; sourceTree = "<group>"; };
		B768525722F021F900C91EA4 /* GenericTableViewControllerUITests.xctest */ = {isa = PBXFileReference; explicitFileType = wrapper.cfbundle; includeInIndex = 0; path = GenericTableViewControllerUITests.xctest; sourceTree = BUILT_PRODUCTS_DIR; };
		B768525B22F021F900C91EA4 /* GenericTableViewControllerUITests.swift */ = {isa = PBXFileReference; lastKnownFileType = sourcecode.swift; path = GenericTableViewControllerUITests.swift; sourceTree = "<group>"; };
		B768525D22F021F900C91EA4 /* Info.plist */ = {isa = PBXFileReference; lastKnownFileType = text.plist.xml; path = Info.plist; sourceTree = "<group>"; };
		B768526A22F0222700C91EA4 /* GenericTableViewController.swift */ = {isa = PBXFileReference; lastKnownFileType = sourcecode.swift; path = GenericTableViewController.swift; sourceTree = "<group>"; };
		B768526F22F0228F00C91EA4 /* GenericProtocols.swift */ = {isa = PBXFileReference; lastKnownFileType = sourcecode.swift; path = GenericProtocols.swift; sourceTree = "<group>"; };
		B768527122F04EDD00C91EA4 /* MyTableViewCell.swift */ = {isa = PBXFileReference; lastKnownFileType = sourcecode.swift; name = MyTableViewCell.swift; path = ../MyTableViewCell.swift; sourceTree = "<group>"; };
		B768527222F04EDD00C91EA4 /* MyTableViewCell.xib */ = {isa = PBXFileReference; lastKnownFileType = file.xib; path = MyTableViewCell.xib; sourceTree = "<group>"; };
		B768527522F04F1200C91EA4 /* MyModel.swift */ = {isa = PBXFileReference; lastKnownFileType = sourcecode.swift; path = MyModel.swift; sourceTree = "<group>"; };
		B768528022F164B800C91EA4 /* MyTableViewCell2.swift */ = {isa = PBXFileReference; lastKnownFileType = sourcecode.swift; path = MyTableViewCell2.swift; sourceTree = "<group>"; };
		B768528122F164B800C91EA4 /* MyTableViewCell2.xib */ = {isa = PBXFileReference; lastKnownFileType = file.xib; path = MyTableViewCell2.xib; sourceTree = "<group>"; };
/* End PBXFileReference section */

/* Begin PBXFrameworksBuildPhase section */
		B768523522F021F500C91EA4 /* Frameworks */ = {
			isa = PBXFrameworksBuildPhase;
			buildActionMask = 2147483647;
			files = (
			);
			runOnlyForDeploymentPostprocessing = 0;
		};
		B768524922F021F900C91EA4 /* Frameworks */ = {
			isa = PBXFrameworksBuildPhase;
			buildActionMask = 2147483647;
			files = (
			);
			runOnlyForDeploymentPostprocessing = 0;
		};
		B768525422F021F900C91EA4 /* Frameworks */ = {
			isa = PBXFrameworksBuildPhase;
			buildActionMask = 2147483647;
			files = (
			);
			runOnlyForDeploymentPostprocessing = 0;
		};
/* End PBXFrameworksBuildPhase section */

/* Begin PBXGroup section */
		B768522F22F021F500C91EA4 = {
			isa = PBXGroup;
			children = (
				B768523A22F021F500C91EA4 /* GenericTableViewController */,
				B768524F22F021F900C91EA4 /* GenericTableViewControllerTests */,
				B768525A22F021F900C91EA4 /* GenericTableViewControllerUITests */,
				B768523922F021F500C91EA4 /* Products */,
			);
			sourceTree = "<group>";
		};
		B768523922F021F500C91EA4 /* Products */ = {
			isa = PBXGroup;
			children = (
				B768523822F021F500C91EA4 /* GenericTableViewController.app */,
				B768524C22F021F900C91EA4 /* GenericTableViewControllerTests.xctest */,
				B768525722F021F900C91EA4 /* GenericTableViewControllerUITests.xctest */,
			);
			name = Products;
			sourceTree = "<group>";
		};
		B768523A22F021F500C91EA4 /* GenericTableViewController */ = {
			isa = PBXGroup;
			children = (
				B768526922F0220300C91EA4 /* TableController */,
				B768527822F050B000C91EA4 /* Model */,
				B768527722F050A100C91EA4 /* Cell */,
				B768523B22F021F500C91EA4 /* AppDelegate.swift */,
				B768523D22F021F500C91EA4 /* ViewController.swift */,
				B768524222F021F800C91EA4 /* Assets.xcassets */,
				B768524422F021F800C91EA4 /* LaunchScreen.storyboard */,
				B768524722F021F800C91EA4 /* Info.plist */,
			);
			path = GenericTableViewController;
			sourceTree = "<group>";
		};
		B768524F22F021F900C91EA4 /* GenericTableViewControllerTests */ = {
			isa = PBXGroup;
			children = (
				B768525022F021F900C91EA4 /* GenericTableViewControllerTests.swift */,
				B768525222F021F900C91EA4 /* Info.plist */,
			);
			path = GenericTableViewControllerTests;
			sourceTree = "<group>";
		};
		B768525A22F021F900C91EA4 /* GenericTableViewControllerUITests */ = {
			isa = PBXGroup;
			children = (
				B768525B22F021F900C91EA4 /* GenericTableViewControllerUITests.swift */,
				B768525D22F021F900C91EA4 /* Info.plist */,
			);
			path = GenericTableViewControllerUITests;
			sourceTree = "<group>";
		};
		B768526922F0220300C91EA4 /* TableController */ = {
			isa = PBXGroup;
			children = (
				B768526C22F0224600C91EA4 /* Protocol */,
				B768526A22F0222700C91EA4 /* GenericTableViewController.swift */,
			);
			path = TableController;
			sourceTree = "<group>";
		};
		B768526C22F0224600C91EA4 /* Protocol */ = {
			isa = PBXGroup;
			children = (
				B768526F22F0228F00C91EA4 /* GenericProtocols.swift */,
			);
			path = Protocol;
			sourceTree = "<group>";
		};
		B768527722F050A100C91EA4 /* Cell */ = {
			isa = PBXGroup;
			children = (
				B768527122F04EDD00C91EA4 /* MyTableViewCell.swift */,
				B768527222F04EDD00C91EA4 /* MyTableViewCell.xib */,
				B768528022F164B800C91EA4 /* MyTableViewCell2.swift */,
				B768528122F164B800C91EA4 /* MyTableViewCell2.xib */,
			);
			path = Cell;
			sourceTree = "<group>";
		};
		B768527822F050B000C91EA4 /* Model */ = {
			isa = PBXGroup;
			children = (
				B768527522F04F1200C91EA4 /* MyModel.swift */,
			);
			path = Model;
			sourceTree = "<group>";
		};
/* End PBXGroup section */

/* Begin PBXNativeTarget section */
		B768523722F021F500C91EA4 /* GenericTableViewController */ = {
			isa = PBXNativeTarget;
			buildConfigurationList = B768526022F021F900C91EA4 /* Build configuration list for PBXNativeTarget "GenericTableViewController" */;
			buildPhases = (
				B768523422F021F500C91EA4 /* Sources */,
				B768523522F021F500C91EA4 /* Frameworks */,
				B768523622F021F500C91EA4 /* Resources */,
			);
			buildRules = (
			);
			dependencies = (
			);
			name = GenericTableViewController;
			productName = GenericTableViewController;
			productReference = B768523822F021F500C91EA4 /* GenericTableViewController.app */;
			productType = "com.apple.product-type.application";
		};
		B768524B22F021F900C91EA4 /* GenericTableViewControllerTests */ = {
			isa = PBXNativeTarget;
			buildConfigurationList = B768526322F021F900C91EA4 /* Build configuration list for PBXNativeTarget "GenericTableViewControllerTests" */;
			buildPhases = (
				B768524822F021F900C91EA4 /* Sources */,
				B768524922F021F900C91EA4 /* Frameworks */,
				B768524A22F021F900C91EA4 /* Resources */,
			);
			buildRules = (
			);
			dependencies = (
				B768524E22F021F900C91EA4 /* PBXTargetDependency */,
			);
			name = GenericTableViewControllerTests;
			productName = GenericTableViewControllerTests;
			productReference = B768524C22F021F900C91EA4 /* GenericTableViewControllerTests.xctest */;
			productType = "com.apple.product-type.bundle.unit-test";
		};
		B768525622F021F900C91EA4 /* GenericTableViewControllerUITests */ = {
			isa = PBXNativeTarget;
			buildConfigurationList = B768526622F021F900C91EA4 /* Build configuration list for PBXNativeTarget "GenericTableViewControllerUITests" */;
			buildPhases = (
				B768525322F021F900C91EA4 /* Sources */,
				B768525422F021F900C91EA4 /* Frameworks */,
				B768525522F021F900C91EA4 /* Resources */,
			);
			buildRules = (
			);
			dependencies = (
				B768525922F021F900C91EA4 /* PBXTargetDependency */,
			);
			name = GenericTableViewControllerUITests;
			productName = GenericTableViewControllerUITests;
			productReference = B768525722F021F900C91EA4 /* GenericTableViewControllerUITests.xctest */;
			productType = "com.apple.product-type.bundle.ui-testing";
		};
/* End PBXNativeTarget section */

/* Begin PBXProject section */
		B768523022F021F500C91EA4 /* Project object */ = {
			isa = PBXProject;
			attributes = {
				LastSwiftUpdateCheck = 1020;
				LastUpgradeCheck = 1020;
				ORGANIZATIONNAME = "Mohit Kumar";
				TargetAttributes = {
					B768523722F021F500C91EA4 = {
						CreatedOnToolsVersion = 10.2.1;
					};
					B768524B22F021F900C91EA4 = {
						CreatedOnToolsVersion = 10.2.1;
						TestTargetID = B768523722F021F500C91EA4;
					};
					B768525622F021F900C91EA4 = {
						CreatedOnToolsVersion = 10.2.1;
						TestTargetID = B768523722F021F500C91EA4;
					};
				};
			};
			buildConfigurationList = B768523322F021F500C91EA4 /* Build configuration list for PBXProject "GenericTableViewController" */;
			compatibilityVersion = "Xcode 9.3";
			developmentRegion = en;
			hasScannedForEncodings = 0;
			knownRegions = (
				en,
				Base,
			);
			mainGroup = B768522F22F021F500C91EA4;
			productRefGroup = B768523922F021F500C91EA4 /* Products */;
			projectDirPath = "";
			projectRoot = "";
			targets = (
				B768523722F021F500C91EA4 /* GenericTableViewController */,
				B768524B22F021F900C91EA4 /* GenericTableViewControllerTests */,
				B768525622F021F900C91EA4 /* GenericTableViewControllerUITests */,
			);
		};
/* End PBXProject section */

/* Begin PBXResourcesBuildPhase section */
		B768523622F021F500C91EA4 /* Resources */ = {
			isa = PBXResourcesBuildPhase;
			buildActionMask = 2147483647;
			files = (
				B768528322F164B800C91EA4 /* MyTableViewCell2.xib in Resources */,
				B768524622F021F800C91EA4 /* LaunchScreen.storyboard in Resources */,
				B768527422F04EDD00C91EA4 /* MyTableViewCell.xib in Resources */,
				B768524322F021F800C91EA4 /* Assets.xcassets in Resources */,
			);
			runOnlyForDeploymentPostprocessing = 0;
		};
		B768524A22F021F900C91EA4 /* Resources */ = {
			isa = PBXResourcesBuildPhase;
			buildActionMask = 2147483647;
			files = (
			);
			runOnlyForDeploymentPostprocessing = 0;
		};
		B768525522F021F900C91EA4 /* Resources */ = {
			isa = PBXResourcesBuildPhase;
			buildActionMask = 2147483647;
			files = (
			);
			runOnlyForDeploymentPostprocessing = 0;
		};
/* End PBXResourcesBuildPhase section */

/* Begin PBXSourcesBuildPhase section */
		B768523422F021F500C91EA4 /* Sources */ = {
			isa = PBXSourcesBuildPhase;
			buildActionMask = 2147483647;
			files = (
				B768523E22F021F500C91EA4 /* ViewController.swift in Sources */,
				B768527622F04F1200C91EA4 /* MyModel.swift in Sources */,
				B768526B22F0222700C91EA4 /* GenericTableViewController.swift in Sources */,
				B768528222F164B800C91EA4 /* MyTableViewCell2.swift in Sources */,
				B768523C22F021F500C91EA4 /* AppDelegate.swift in Sources */,
				B768527322F04EDD00C91EA4 /* MyTableViewCell.swift in Sources */,
				B768527022F0228F00C91EA4 /* GenericProtocols.swift in Sources */,
			);
			runOnlyForDeploymentPostprocessing = 0;
		};
		B768524822F021F900C91EA4 /* Sources */ = {
			isa = PBXSourcesBuildPhase;
			buildActionMask = 2147483647;
			files = (
				B768525122F021F900C91EA4 /* GenericTableViewControllerTests.swift in Sources */,
			);
			runOnlyForDeploymentPostprocessing = 0;
		};
		B768525322F021F900C91EA4 /* Sources */ = {
			isa = PBXSourcesBuildPhase;
			buildActionMask = 2147483647;
			files = (
				B768525C22F021F900C91EA4 /* GenericTableViewControllerUITests.swift in Sources */,
			);
			runOnlyForDeploymentPostprocessing = 0;
		};
/* End PBXSourcesBuildPhase section */

/* Begin PBXTargetDependency section */
		B768524E22F021F900C91EA4 /* PBXTargetDependency */ = {
			isa = PBXTargetDependency;
			target = B768523722F021F500C91EA4 /* GenericTableViewController */;
			targetProxy = B768524D22F021F900C91EA4 /* PBXContainerItemProxy */;
		};
		B768525922F021F900C91EA4 /* PBXTargetDependency */ = {
			isa = PBXTargetDependency;
			target = B768523722F021F500C91EA4 /* GenericTableViewController */;
			targetProxy = B768525822F021F900C91EA4 /* PBXContainerItemProxy */;
		};
/* End PBXTargetDependency section */

/* Begin PBXVariantGroup section */
		B768524422F021F800C91EA4 /* LaunchScreen.storyboard */ = {
			isa = PBXVariantGroup;
			children = (
				B768524522F021F800C91EA4 /* Base */,
			);
			name = LaunchScreen.storyboard;
			sourceTree = "<group>";
		};
/* End PBXVariantGroup section */

/* Begin XCBuildConfiguration section */
		B768525E22F021F900C91EA4 /* Debug */ = {
			isa = XCBuildConfiguration;
			buildSettings = {
				ALWAYS_SEARCH_USER_PATHS = NO;
				CLANG_ANALYZER_NONNULL = YES;
				CLANG_ANALYZER_NUMBER_OBJECT_CONVERSION = YES_AGGRESSIVE;
				CLANG_CXX_LANGUAGE_STANDARD = "gnu++14";
				CLANG_CXX_LIBRARY = "libc++";
				CLANG_ENABLE_MODULES = YES;
				CLANG_ENABLE_OBJC_ARC = YES;
				CLANG_ENABLE_OBJC_WEAK = YES;
				CLANG_WARN_BLOCK_CAPTURE_AUTORELEASING = YES;
				CLANG_WARN_BOOL_CONVERSION = YES;
				CLANG_WARN_COMMA = YES;
				CLANG_WARN_CONSTANT_CONVERSION = YES;
				CLANG_WARN_DEPRECATED_OBJC_IMPLEMENTATIONS = YES;
				CLANG_WARN_DIRECT_OBJC_ISA_USAGE = YES_ERROR;
				CLANG_WARN_DOCUMENTATION_COMMENTS = YES;
				CLANG_WARN_EMPTY_BODY = YES;
				CLANG_WARN_ENUM_CONVERSION = YES;
				CLANG_WARN_INFINITE_RECURSION = YES;
				CLANG_WARN_INT_CONVERSION = YES;
				CLANG_WARN_NON_LITERAL_NULL_CONVERSION = YES;
				CLANG_WARN_OBJC_IMPLICIT_RETAIN_SELF = YES;
				CLANG_WARN_OBJC_LITERAL_CONVERSION = YES;
				CLANG_WARN_OBJC_ROOT_CLASS = YES_ERROR;
				CLANG_WARN_RANGE_LOOP_ANALYSIS = YES;
				CLANG_WARN_STRICT_PROTOTYPES = YES;
				CLANG_WARN_SUSPICIOUS_MOVE = YES;
				CLANG_WARN_UNGUARDED_AVAILABILITY = YES_AGGRESSIVE;
				CLANG_WARN_UNREACHABLE_CODE = YES;
				CLANG_WARN__DUPLICATE_METHOD_MATCH = YES;
				CODE_SIGN_IDENTITY = "iPhone Developer";
				COPY_PHASE_STRIP = NO;
				DEBUG_INFORMATION_FORMAT = dwarf;
				ENABLE_STRICT_OBJC_MSGSEND = YES;
				ENABLE_TESTABILITY = YES;
				GCC_C_LANGUAGE_STANDARD = gnu11;
				GCC_DYNAMIC_NO_PIC = NO;
				GCC_NO_COMMON_BLOCKS = YES;
				GCC_OPTIMIZATION_LEVEL = 0;
				GCC_PREPROCESSOR_DEFINITIONS = (
					"DEBUG=1",
					"$(inherited)",
				);
				GCC_WARN_64_TO_32_BIT_CONVERSION = YES;
				GCC_WARN_ABOUT_RETURN_TYPE = YES_ERROR;
				GCC_WARN_UNDECLARED_SELECTOR = YES;
				GCC_WARN_UNINITIALIZED_AUTOS = YES_AGGRESSIVE;
				GCC_WARN_UNUSED_FUNCTION = YES;
				GCC_WARN_UNUSED_VARIABLE = YES;
				IPHONEOS_DEPLOYMENT_TARGET = 12.2;
				MTL_ENABLE_DEBUG_INFO = INCLUDE_SOURCE;
				MTL_FAST_MATH = YES;
				ONLY_ACTIVE_ARCH = YES;
				SDKROOT = iphoneos;
				SWIFT_ACTIVE_COMPILATION_CONDITIONS = DEBUG;
				SWIFT_OPTIMIZATION_LEVEL = "-Onone";
			};
			name = Debug;
		};
		B768525F22F021F900C91EA4 /* Release */ = {
			isa = XCBuildConfiguration;
			buildSettings = {
				ALWAYS_SEARCH_USER_PATHS = NO;
				CLANG_ANALYZER_NONNULL = YES;
				CLANG_ANALYZER_NUMBER_OBJECT_CONVERSION = YES_AGGRESSIVE;
				CLANG_CXX_LANGUAGE_STANDARD = "gnu++14";
				CLANG_CXX_LIBRARY = "libc++";
				CLANG_ENABLE_MODULES = YES;
				CLANG_ENABLE_OBJC_ARC = YES;
				CLANG_ENABLE_OBJC_WEAK = YES;
				CLANG_WARN_BLOCK_CAPTURE_AUTORELEASING = YES;
				CLANG_WARN_BOOL_CONVERSION = YES;
				CLANG_WARN_COMMA = YES;
				CLANG_WARN_CONSTANT_CONVERSION = YES;
				CLANG_WARN_DEPRECATED_OBJC_IMPLEMENTATIONS = YES;
				CLANG_WARN_DIRECT_OBJC_ISA_USAGE = YES_ERROR;
				CLANG_WARN_DOCUMENTATION_COMMENTS = YES;
				CLANG_WARN_EMPTY_BODY = YES;
				CLANG_WARN_ENUM_CONVERSION = YES;
				CLANG_WARN_INFINITE_RECURSION = YES;
				CLANG_WARN_INT_CONVERSION = YES;
				CLANG_WARN_NON_LITERAL_NULL_CONVERSION = YES;
				CLANG_WARN_OBJC_IMPLICIT_RETAIN_SELF = YES;
				CLANG_WARN_OBJC_LITERAL_CONVERSION = YES;
				CLANG_WARN_OBJC_ROOT_CLASS = YES_ERROR;
				CLANG_WARN_RANGE_LOOP_ANALYSIS = YES;
				CLANG_WARN_STRICT_PROTOTYPES = YES;
				CLANG_WARN_SUSPICIOUS_MOVE = YES;
				CLANG_WARN_UNGUARDED_AVAILABILITY = YES_AGGRESSIVE;
				CLANG_WARN_UNREACHABLE_CODE = YES;
				CLANG_WARN__DUPLICATE_METHOD_MATCH = YES;
				CODE_SIGN_IDENTITY = "iPhone Developer";
				COPY_PHASE_STRIP = NO;
				DEBUG_INFORMATION_FORMAT = "dwarf-with-dsym";
				ENABLE_NS_ASSERTIONS = NO;
				ENABLE_STRICT_OBJC_MSGSEND = YES;
				GCC_C_LANGUAGE_STANDARD = gnu11;
				GCC_NO_COMMON_BLOCKS = YES;
				GCC_WARN_64_TO_32_BIT_CONVERSION = YES;
				GCC_WARN_ABOUT_RETURN_TYPE = YES_ERROR;
				GCC_WARN_UNDECLARED_SELECTOR = YES;
				GCC_WARN_UNINITIALIZED_AUTOS = YES_AGGRESSIVE;
				GCC_WARN_UNUSED_FUNCTION = YES;
				GCC_WARN_UNUSED_VARIABLE = YES;
				IPHONEOS_DEPLOYMENT_TARGET = 12.2;
				MTL_ENABLE_DEBUG_INFO = NO;
				MTL_FAST_MATH = YES;
				SDKROOT = iphoneos;
				SWIFT_COMPILATION_MODE = wholemodule;
				SWIFT_OPTIMIZATION_LEVEL = "-O";
				VALIDATE_PRODUCT = YES;
			};
			name = Release;
		};
		B768526122F021F900C91EA4 /* Debug */ = {
			isa = XCBuildConfiguration;
			buildSettings = {
				ASSETCATALOG_COMPILER_APPICON_NAME = AppIcon;
				CODE_SIGN_STYLE = Automatic;
				INFOPLIST_FILE = GenericTableViewController/Info.plist;
				LD_RUNPATH_SEARCH_PATHS = (
					"$(inherited)",
					"@executable_path/Frameworks",
				);
				PRODUCT_BUNDLE_IDENTIFIER = com.nagarro.GenericTableViewController;
				PRODUCT_NAME = "$(TARGET_NAME)";
				SWIFT_VERSION = 5.0;
				TARGETED_DEVICE_FAMILY = "1,2";
			};
			name = Debug;
		};
		B768526222F021F900C91EA4 /* Release */ = {
			isa = XCBuildConfiguration;
			buildSettings = {
				ASSETCATALOG_COMPILER_APPICON_NAME = AppIcon;
				CODE_SIGN_STYLE = Automatic;
				INFOPLIST_FILE = GenericTableViewController/Info.plist;
				LD_RUNPATH_SEARCH_PATHS = (
					"$(inherited)",
					"@executable_path/Frameworks",
				);
				PRODUCT_BUNDLE_IDENTIFIER = com.nagarro.GenericTableViewController;
				PRODUCT_NAME = "$(TARGET_NAME)";
				SWIFT_VERSION = 5.0;
				TARGETED_DEVICE_FAMILY = "1,2";
			};
			name = Release;
		};
		B768526422F021F900C91EA4 /* Debug */ = {
			isa = XCBuildConfiguration;
			buildSettings = {
				ALWAYS_EMBED_SWIFT_STANDARD_LIBRARIES = YES;
				BUNDLE_LOADER = "$(TEST_HOST)";
				CODE_SIGN_STYLE = Automatic;
				INFOPLIST_FILE = GenericTableViewControllerTests/Info.plist;
				LD_RUNPATH_SEARCH_PATHS = (
					"$(inherited)",
					"@executable_path/Frameworks",
					"@loader_path/Frameworks",
				);
				PRODUCT_BUNDLE_IDENTIFIER = com.nagarro.GenericTableViewControllerTests;
				PRODUCT_NAME = "$(TARGET_NAME)";
				SWIFT_VERSION = 5.0;
				TARGETED_DEVICE_FAMILY = "1,2";
				TEST_HOST = "$(BUILT_PRODUCTS_DIR)/GenericTableViewController.app/GenericTableViewController";
			};
			name = Debug;
		};
		B768526522F021F900C91EA4 /* Release */ = {
			isa = XCBuildConfiguration;
			buildSettings = {
				ALWAYS_EMBED_SWIFT_STANDARD_LIBRARIES = YES;
				BUNDLE_LOADER = "$(TEST_HOST)";
				CODE_SIGN_STYLE = Automatic;
				INFOPLIST_FILE = GenericTableViewControllerTests/Info.plist;
				LD_RUNPATH_SEARCH_PATHS = (
					"$(inherited)",
					"@executable_path/Frameworks",
					"@loader_path/Frameworks",
				);
				PRODUCT_BUNDLE_IDENTIFIER = com.nagarro.GenericTableViewControllerTests;
				PRODUCT_NAME = "$(TARGET_NAME)";
				SWIFT_VERSION = 5.0;
				TARGETED_DEVICE_FAMILY = "1,2";
				TEST_HOST = "$(BUILT_PRODUCTS_DIR)/GenericTableViewController.app/GenericTableViewController";
			};
			name = Release;
		};
		B768526722F021F900C91EA4 /* Debug */ = {
			isa = XCBuildConfiguration;
			buildSettings = {
				ALWAYS_EMBED_SWIFT_STANDARD_LIBRARIES = YES;
				CODE_SIGN_STYLE = Automatic;
				INFOPLIST_FILE = GenericTableViewControllerUITests/Info.plist;
				LD_RUNPATH_SEARCH_PATHS = (
					"$(inherited)",
					"@executable_path/Frameworks",
					"@loader_path/Frameworks",
				);
				PRODUCT_BUNDLE_IDENTIFIER = com.nagarro.GenericTableViewControllerUITests;
				PRODUCT_NAME = "$(TARGET_NAME)";
				SWIFT_VERSION = 5.0;
				TARGETED_DEVICE_FAMILY = "1,2";
				TEST_TARGET_NAME = GenericTableViewController;
			};
			name = Debug;
		};
		B768526822F021F900C91EA4 /* Release */ = {
			isa = XCBuildConfiguration;
			buildSettings = {
				ALWAYS_EMBED_SWIFT_STANDARD_LIBRARIES = YES;
				CODE_SIGN_STYLE = Automatic;
				INFOPLIST_FILE = GenericTableViewControllerUITests/Info.plist;
				LD_RUNPATH_SEARCH_PATHS = (
					"$(inherited)",
					"@executable_path/Frameworks",
					"@loader_path/Frameworks",
				);
				PRODUCT_BUNDLE_IDENTIFIER = com.nagarro.GenericTableViewControllerUITests;
				PRODUCT_NAME = "$(TARGET_NAME)";
				SWIFT_VERSION = 5.0;
				TARGETED_DEVICE_FAMILY = "1,2";
				TEST_TARGET_NAME = GenericTableViewController;
			};
			name = Release;
		};
/* End XCBuildConfiguration section */

/* Begin XCConfigurationList section */
		B768523322F021F500C91EA4 /* Build configuration list for PBXProject "GenericTableViewController" */ = {
			isa = XCConfigurationList;
			buildConfigurations = (
				B768525E22F021F900C91EA4 /* Debug */,
				B768525F22F021F900C91EA4 /* Release */,
			);
			defaultConfigurationIsVisible = 0;
			defaultConfigurationName = Release;
		};
		B768526022F021F900C91EA4 /* Build configuration list for PBXNativeTarget "GenericTableViewController" */ = {
			isa = XCConfigurationList;
			buildConfigurations = (
				B768526122F021F900C91EA4 /* Debug */,
				B768526222F021F900C91EA4 /* Release */,
			);
			defaultConfigurationIsVisible = 0;
			defaultConfigurationName = Release;
		};
		B768526322F021F900C91EA4 /* Build configuration list for PBXNativeTarget "GenericTableViewControllerTests" */ = {
			isa = XCConfigurationList;
			buildConfigurations = (
				B768526422F021F900C91EA4 /* Debug */,
				B768526522F021F900C91EA4 /* Release */,
			);
			defaultConfigurationIsVisible = 0;
			defaultConfigurationName = Release;
		};
		B768526622F021F900C91EA4 /* Build configuration list for PBXNativeTarget "GenericTableViewControllerUITests" */ = {
			isa = XCConfigurationList;
			buildConfigurations = (
				B768526722F021F900C91EA4 /* Debug */,
				B768526822F021F900C91EA4 /* Release */,
			);
			defaultConfigurationIsVisible = 0;
			defaultConfigurationName = Release;
		};
/* End XCConfigurationList section */
	};
	rootObject = B768523022F021F500C91EA4 /* Project object */;
}
